hash: 4979e19692365ab80643281955071d1783b4b8312ad2233c656397cfcd7b69ae
updated: 2016-06-27T21:56:12.865314491+02:00
imports:
- name: github.com/andybalholm/cascadia
  version: 3ad29d1ad1c4f2023e355603324348cf1f4b2d48
- name: github.com/aws/aws-sdk-go
  version: 68d840c69c0b75ca088ce73cef39962df02a950b
  subpackages:
  - aws
  - aws/credentials
  - aws/session
  - service/lambda
  - aws/awserr
  - aws/client
  - aws/corehandlers
  - aws/defaults
  - aws/request
  - private/endpoints
  - aws/awsutil
  - aws/client/metadata
  - aws/signer/v4
  - private/protocol
  - private/protocol/restjson
  - aws/credentials/ec2rolecreds
  - aws/ec2metadata
  - private/protocol/rest
  - private/protocol/jsonrpc
  - private/protocol/json/jsonutil
- name: github.com/dgryski/go-topk
  version: 1b30445672a470f5658d1877192cbe84e30d3454
- name: github.com/didip/tollbooth
  version: 9adc32f5171e833befc340a64b63602529fc0373
  subpackages:
  - config
  - errors
  - libstring
- name: github.com/exago/envconfig
  version: 8b1c59eae986013d3be5deddbf1e89f18d25ffaa
- name: github.com/go-ini/ini
  version: 81d957713547172ed2e08bb075c6a0f2d1ecf6d9
- name: github.com/golang/freetype
  version: 9ce4eec92a4b5e260b4622c873355647ecf68304
  subpackages:
  - raster
  - truetype
- name: github.com/golang/protobuf
  version: 0c1f6d65b5a189c2250d10e71a5506f06f9fa0a0
  subpackages:
  - proto
- name: github.com/golang/snappy
  version: d9eb7a3d35ec988b8585d4a0068e462c27d28380
- name: github.com/google/go-github
  version: 24a48bda0a4e0af7dcdc825059f2251accf6ccc1
  subpackages:
  - github
- name: github.com/google/go-querystring
  version: 9235644dd9e52eeae6fa48efd539fdc351a0af53
  subpackages:
  - query
- name: github.com/gorilla/context
  version: aed02d124ae4a0e94fea4541c8effd05bf0c8296
- name: github.com/hashicorp/golang-lru
  version: a0d98a5f288019575c6d1f4bb1573fef2d1fcdc4
  subpackages:
  - simplelru
- name: github.com/jmespath/go-jmespath
  version: 0b12d6b521d83fc7f755e7cfc1b1fbdd35a01a74
- name: github.com/juju/ratelimit
  version: aa5bb718d4d435629821789cb90970319f57bfe5
- name: github.com/julienschmidt/httprouter
  version: 77366a47451a56bb3ba682481eed85b64fea14e8
- name: github.com/justinas/alice
  version: 8f06f3153579369bb91f084f39f86f5d5030d4dc
- name: github.com/narqo/go-badge
  version: 3014a17b062a7131301593113f579a8da169b99d
  subpackages:
  - fonts
- name: github.com/PuerkitoBio/goquery
  version: 77cbaef46a3af185a3afb87f88a366f3dee2a904
- name: github.com/SimonWaldherr/golibs
  version: 300f27777a93b5051fd889350b52c46245cbbf15
  subpackages:
  - xmath
- name: github.com/Sirupsen/logrus
  version: f3cfb454f4c209e6668c95216c4744b8fddb2356
- name: github.com/syndtr/goleveldb
  version: fa5b5c78794bc5c18f330361059f871ae8c2b9d6
  subpackages:
  - leveldb
  - leveldb/opt
  - leveldb/util
  - leveldb/cache
  - leveldb/comparer
  - leveldb/errors
  - leveldb/filter
  - leveldb/iterator
  - leveldb/journal
  - leveldb/memdb
  - leveldb/storage
  - leveldb/table
- name: github.com/urfave/cli
  version: 4205e9c4ee9672a8df5bb4fe486a8aa07e1e4037
- name: golang.org/x/image
  version: 7c492694a6443a92fd349fda0c4c7b587040f161
  subpackages:
  - font
  - math/fixed
- name: golang.org/x/net
  version: e445b19913b9d40fdbdfe19ac5e3d314aafd6f63
  subpackages:
  - context
  - html
  - netutil
  - html/atom
- name: golang.org/x/oauth2
  version: 65a8d08c6292395d47053be10b3c5e91960def76
  subpackages:
  - internal
- name: golang.org/x/sys
  version: 62bee037599929a6e9146f29d10dd5208c43507d
  subpackages:
  - unix
- name: google.golang.org/appengine
  version: 267c27e7492265b84fc6719503b14a1e17975d79
  subpackages:
  - urlfetch
  - internal
  - internal/urlfetch
  - internal/base
  - internal/datastore
  - internal/log
  - internal/remote_api
- name: gopkg.in/tylerb/graceful.v1
  version: ecde8c8f16df93a994dda8936c8f60f0c26c28ab
- name: simonwaldherr.de/go/golibs
  version: 300f27777a93b5051fd889350b52c46245cbbf15
  subpackages:
  - as
devImports: []
